
Microsoft Visual Studio Solution File, Format Version 12.00
# Visual Studio Version 16
VisualStudioVersion = 16.0.28729.10
MinimumVisualStudioVersion = 10.0.40219.1
Project("{FAE04EC0-301F-11D3-BF4B-00C04F79EFBC}") = "Othello", "Othello.csproj", "{D041D874-C2A1-42A2-B8B8-2A893E43AADF}"
EndProject
Global
	GlobalSection(SolutionConfigurationPlatforms) = preSolution
		Debug|Any CPU = Debug|Any CPU
		Release|Any CPU = Release|Any CPU
	EndGlobalSection
	GlobalSection(ProjectConfigurationPlatforms) = postSolution
		{D041D874-C2A1-42A2-B8B8-2A893E43AADF}.Debug|Any CPU.ActiveCfg = Debug|Any CPU
		{D041D874-C2A1-42A2-B8B8-2A893E43AADF}.Debug|Any CPU.Build.0 = Debug|Any CPU
		{D041D874-C2A1-42A2-B8B8-2A893E43AADF}.Release|Any CPU.ActiveCfg = Release|Any CPU
		{D041D874-C2A1-42A2-B8B8-2A893E43AADF}.Release|Any CPU.Build.0 = Release|Any CPU
	EndGlobalSection
	GlobalSection(SolutionProperties) = preSolution
		HideSolutionNode = FALSE
	EndGlobalSection
	GlobalSection(ExtensibilityGlobals) = postSolution
		SolutionGuid = {E76C5FD2-2CB6-43FB-B892-CFA927610863}
	EndGlobalSection
EndGlobal
